
Microsoft Visual Studio Solution File, Format Version 12.00
# Visual Studio Version 16
VisualStudioVersion = 16.0.30011.22
MinimumVisualStudioVersion = 10.0.40219.1
Project("{2150E333-8FDC-42A3-9474-1A3956D46DE8}") = "src", "src", "{B247CDA7-CC76-4B77-9833-815C44715FF9}"
EndProject
Project("{2150E333-8FDC-42A3-9474-1A3956D46DE8}") = "API", "API", "{F8033270-9990-4123-90C0-A4334E07C811}"
EndProject
Project("{2150E333-8FDC-42A3-9474-1A3956D46DE8}") = "UI", "UI", "{E19B25DA-CD32-4915-8E20-1370C5AFEEEB}"
EndProject
Project("{2150E333-8FDC-42A3-9474-1A3956D46DE8}") = "Core", "Core", "{3C4E63CD-3BED-4417-A501-1534B020D805}"
EndProject
Project("{2150E333-8FDC-42A3-9474-1A3956D46DE8}") = "Infrastructure", "Infrastructure", "{D4DA90B6-06D6-4D9E-A5C8-C5C0D92CEA42}"
EndProject
Project("{2150E333-8FDC-42A3-9474-1A3956D46DE8}") = "test", "test", "{4E6F49AB-9222-4C3B-A4DA-4D90237C375C}"
EndProject
Project("{9A19103F-16F7-4668-BE54-9A1E7A4F7556}") = "Calendy.Api", "Calendy.Api\Calendy.Api.csproj", "{56505861-B2B8-4D9A-AA94-E8017ED48F70}"
EndProject
Project("{9A19103F-16F7-4668-BE54-9A1E7A4F7556}") = "Calendly.Application", "Calendly.Application\Calendly.Application.csproj", "{22E08BF0-F42A-41C5-A594-B969772705FA}"
EndProject
Project("{9A19103F-16F7-4668-BE54-9A1E7A4F7556}") = "Calendly.Domain", "Calendly.Domain\Calendly.Domain.csproj", "{D2485BEE-31C2-4038-9EFB-79353E9823EF}"
EndProject
Project("{9A19103F-16F7-4668-BE54-9A1E7A4F7556}") = "Calendly.Persistance", "Calendly.Persistance\Calendly.Persistance.csproj", "{0992FECE-BB63-48EF-8A27-4D46F5903CB0}"
EndProject
Project("{9A19103F-16F7-4668-BE54-9A1E7A4F7556}") = "Calendly.Infrastructure", "Calendly.Infrastructure\Calendly.Infrastructure.csproj", "{8096E6FB-98DB-4E28-80A9-F44B1096161B}"
EndProject
Project("{9A19103F-16F7-4668-BE54-9A1E7A4F7556}") = "Calendly.Application.UnitTests", "Calendly.Application.UnitTests\Calendly.Application.UnitTests.csproj", "{FE041487-B2A6-4C9C-AE20-2C0246FFE1FB}"
EndProject
Project("{9A19103F-16F7-4668-BE54-9A1E7A4F7556}") = "Calendly.Persistance.IntegrationTests", "Calendly.Persistance.IntegrationTests\Calendly.Persistance.IntegrationTests.csproj", "{CDE6A17B-907F-418D-94B5-8C581127040D}"
EndProject
Project("{9A19103F-16F7-4668-BE54-9A1E7A4F7556}") = "Calendly.App", "Calendly.App\Calendly.App.csproj", "{771E7DEB-EB7F-4EF5-8325-46CFF4043F3B}"
EndProject
Project("{FAE04EC0-301F-11D3-BF4B-00C04F79EFBC}") = "Calendly.Infrastructure.Identity", "Calendly.Infrastructure.Identity\Calendly.Infrastructure.Identity.csproj", "{69A8D05D-D7B6-410D-96D3-1FE67BCFBF4F}"
EndProject
Global
	GlobalSection(SolutionConfigurationPlatforms) = preSolution
		Debug|Any CPU = Debug|Any CPU
		Release|Any CPU = Release|Any CPU
	EndGlobalSection
	GlobalSection(ProjectConfigurationPlatforms) = postSolution
		{56505861-B2B8-4D9A-AA94-E8017ED48F70}.Debug|Any CPU.ActiveCfg = Debug|Any CPU
		{56505861-B2B8-4D9A-AA94-E8017ED48F70}.Debug|Any CPU.Build.0 = Debug|Any CPU
		{56505861-B2B8-4D9A-AA94-E8017ED48F70}.Release|Any CPU.ActiveCfg = Release|Any CPU
		{56505861-B2B8-4D9A-AA94-E8017ED48F70}.Release|Any CPU.Build.0 = Release|Any CPU
		{22E08BF0-F42A-41C5-A594-B969772705FA}.Debug|Any CPU.ActiveCfg = Debug|Any CPU
		{22E08BF0-F42A-41C5-A594-B969772705FA}.Debug|Any CPU.Build.0 = Debug|Any CPU
		{22E08BF0-F42A-41C5-A594-B969772705FA}.Release|Any CPU.ActiveCfg = Release|Any CPU
		{22E08BF0-F42A-41C5-A594-B969772705FA}.Release|Any CPU.Build.0 = Release|Any CPU
		{D2485BEE-31C2-4038-9EFB-79353E9823EF}.Debug|Any CPU.ActiveCfg = Debug|Any CPU
		{D2485BEE-31C2-4038-9EFB-79353E9823EF}.Debug|Any CPU.Build.0 = Debug|Any CPU
		{D2485BEE-31C2-4038-9EFB-79353E9823EF}.Release|Any CPU.ActiveCfg = Release|Any CPU
		{D2485BEE-31C2-4038-9EFB-79353E9823EF}.Release|Any CPU.Build.0 = Release|Any CPU
		{0992FECE-BB63-48EF-8A27-4D46F5903CB0}.Debug|Any CPU.ActiveCfg = Debug|Any CPU
		{0992FECE-BB63-48EF-8A27-4D46F5903CB0}.Debug|Any CPU.Build.0 = Debug|Any CPU
		{0992FECE-BB63-48EF-8A27-4D46F5903CB0}.Release|Any CPU.ActiveCfg = Release|Any CPU
		{0992FECE-BB63-48EF-8A27-4D46F5903CB0}.Release|Any CPU.Build.0 = Release|Any CPU
		{8096E6FB-98DB-4E28-80A9-F44B1096161B}.Debug|Any CPU.ActiveCfg = Debug|Any CPU
		{8096E6FB-98DB-4E28-80A9-F44B1096161B}.Debug|Any CPU.Build.0 = Debug|Any CPU
		{8096E6FB-98DB-4E28-80A9-F44B1096161B}.Release|Any CPU.ActiveCfg = Release|Any CPU
		{8096E6FB-98DB-4E28-80A9-F44B1096161B}.Release|Any CPU.Build.0 = Release|Any CPU
		{FE041487-B2A6-4C9C-AE20-2C0246FFE1FB}.Debug|Any CPU.ActiveCfg = Debug|Any CPU
		{FE041487-B2A6-4C9C-AE20-2C0246FFE1FB}.Debug|Any CPU.Build.0 = Debug|Any CPU
		{FE041487-B2A6-4C9C-AE20-2C0246FFE1FB}.Release|Any CPU.ActiveCfg = Release|Any CPU
		{FE041487-B2A6-4C9C-AE20-2C0246FFE1FB}.Release|Any CPU.Build.0 = Release|Any CPU
		{CDE6A17B-907F-418D-94B5-8C581127040D}.Debug|Any CPU.ActiveCfg = Debug|Any CPU
		{CDE6A17B-907F-418D-94B5-8C581127040D}.Debug|Any CPU.Build.0 = Debug|Any CPU
		{CDE6A17B-907F-418D-94B5-8C581127040D}.Release|Any CPU.ActiveCfg = Release|Any CPU
		{CDE6A17B-907F-418D-94B5-8C581127040D}.Release|Any CPU.Build.0 = Release|Any CPU
		{771E7DEB-EB7F-4EF5-8325-46CFF4043F3B}.Debug|Any CPU.ActiveCfg = Debug|Any CPU
		{771E7DEB-EB7F-4EF5-8325-46CFF4043F3B}.Debug|Any CPU.Build.0 = Debug|Any CPU
		{771E7DEB-EB7F-4EF5-8325-46CFF4043F3B}.Release|Any CPU.ActiveCfg = Release|Any CPU
		{771E7DEB-EB7F-4EF5-8325-46CFF4043F3B}.Release|Any CPU.Build.0 = Release|Any CPU
		{69A8D05D-D7B6-410D-96D3-1FE67BCFBF4F}.Debug|Any CPU.ActiveCfg = Debug|Any CPU
		{69A8D05D-D7B6-410D-96D3-1FE67BCFBF4F}.Debug|Any CPU.Build.0 = Debug|Any CPU
		{69A8D05D-D7B6-410D-96D3-1FE67BCFBF4F}.Release|Any CPU.ActiveCfg = Release|Any CPU
		{69A8D05D-D7B6-410D-96D3-1FE67BCFBF4F}.Release|Any CPU.Build.0 = Release|Any CPU
	EndGlobalSection
	GlobalSection(SolutionProperties) = preSolution
		HideSolutionNode = FALSE
	EndGlobalSection
	GlobalSection(NestedProjects) = preSolution
		{F8033270-9990-4123-90C0-A4334E07C811} = {B247CDA7-CC76-4B77-9833-815C44715FF9}
		{E19B25DA-CD32-4915-8E20-1370C5AFEEEB} = {B247CDA7-CC76-4B77-9833-815C44715FF9}
		{3C4E63CD-3BED-4417-A501-1534B020D805} = {B247CDA7-CC76-4B77-9833-815C44715FF9}
		{D4DA90B6-06D6-4D9E-A5C8-C5C0D92CEA42} = {B247CDA7-CC76-4B77-9833-815C44715FF9}
		{56505861-B2B8-4D9A-AA94-E8017ED48F70} = {F8033270-9990-4123-90C0-A4334E07C811}
		{22E08BF0-F42A-41C5-A594-B969772705FA} = {3C4E63CD-3BED-4417-A501-1534B020D805}
		{D2485BEE-31C2-4038-9EFB-79353E9823EF} = {3C4E63CD-3BED-4417-A501-1534B020D805}
		{0992FECE-BB63-48EF-8A27-4D46F5903CB0} = {D4DA90B6-06D6-4D9E-A5C8-C5C0D92CEA42}
		{8096E6FB-98DB-4E28-80A9-F44B1096161B} = {D4DA90B6-06D6-4D9E-A5C8-C5C0D92CEA42}
		{FE041487-B2A6-4C9C-AE20-2C0246FFE1FB} = {4E6F49AB-9222-4C3B-A4DA-4D90237C375C}
		{CDE6A17B-907F-418D-94B5-8C581127040D} = {4E6F49AB-9222-4C3B-A4DA-4D90237C375C}
		{771E7DEB-EB7F-4EF5-8325-46CFF4043F3B} = {E19B25DA-CD32-4915-8E20-1370C5AFEEEB}
		{69A8D05D-D7B6-410D-96D3-1FE67BCFBF4F} = {D4DA90B6-06D6-4D9E-A5C8-C5C0D92CEA42}
	EndGlobalSection
	GlobalSection(ExtensibilityGlobals) = postSolution
		SolutionGuid = {02659BB3-23A2-4788-8301-34468592B334}
	EndGlobalSection
EndGlobal
